
Microsoft Visual Studio Solution File, Format Version 12.00
# Visual Studio 15
VisualStudioVersion = 15.0.26730.16
MinimumVisualStudioVersion = 10.0.40219.1
Project("{9A19103F-16F7-4668-BE54-9A1E7A4F7556}") = "ill8.Cpu", "src\ill-8.Cpu\ill8.Cpu.csproj", "{B57194A1-3172-40B3-8D39-58F693673F33}"
EndProject
Project("{FAE04EC0-301F-11D3-BF4B-00C04F79EFBC}") = "ill8.Cpu.Test", "test\ill8.Cpu.Test\ill8.Cpu.Test.csproj", "{B4F9E5D2-5833-4ADF-A875-E19CB5FDA4DB}"
EndProject
Global
	GlobalSection(SolutionConfigurationPlatforms) = preSolution
		Debug|Any CPU = Debug|Any CPU
		Release|Any CPU = Release|Any CPU
	EndGlobalSection
	GlobalSection(ProjectConfigurationPlatforms) = postSolution
		{B57194A1-3172-40B3-8D39-58F693673F33}.Debug|Any CPU.ActiveCfg = Debug|Any CPU
		{B57194A1-3172-40B3-8D39-58F693673F33}.Debug|Any CPU.Build.0 = Debug|Any CPU
		{B57194A1-3172-40B3-8D39-58F693673F33}.Release|Any CPU.ActiveCfg = Release|Any CPU
		{B57194A1-3172-40B3-8D39-58F693673F33}.Release|Any CPU.Build.0 = Release|Any CPU
		{B4F9E5D2-5833-4ADF-A875-E19CB5FDA4DB}.Debug|Any CPU.ActiveCfg = Debug|Any CPU
		{B4F9E5D2-5833-4ADF-A875-E19CB5FDA4DB}.Debug|Any CPU.Build.0 = Debug|Any CPU
		{B4F9E5D2-5833-4ADF-A875-E19CB5FDA4DB}.Release|Any CPU.ActiveCfg = Release|Any CPU
		{B4F9E5D2-5833-4ADF-A875-E19CB5FDA4DB}.Release|Any CPU.Build.0 = Release|Any CPU
	EndGlobalSection
	GlobalSection(SolutionProperties) = preSolution
		HideSolutionNode = FALSE
	EndGlobalSection
	GlobalSection(ExtensibilityGlobals) = postSolution
		SolutionGuid = {0FB5E693-A742-4C2B-A449-F50012212F16}
	EndGlobalSection
EndGlobal
